// !$*UTF8*$!
{
	archiveVersion = 1;
	classes = {
	};
	objectVersion = 46;
	objects = {

/* Begin PBXBuildFile section */
		811B33141AC24C65000FCBEC /* main.m in Sources */ = {isa = PBXBuildFile; fileRef = 811B33131AC24C65000FCBEC /* main.m */; };
		811B33171AC24C65000FCBEC /* AppDelegate.m in Sources */ = {isa = PBXBuildFile; fileRef = 811B33161AC24C65000FCBEC /* AppDelegate.m */; };
		811B331A1AC24C65000FCBEC /* ViewController.m in Sources */ = {isa = PBXBuildFile; fileRef = 811B33191AC24C65000FCBEC /* ViewController.m */; };
		811B331F1AC24C65000FCBEC /* Images.xcassets in Resources */ = {isa = PBXBuildFile; fileRef = 811B331E1AC24C65000FCBEC /* Images.xcassets */; };
		811B33221AC24C65000FCBEC /* LaunchScreen.xib in Resources */ = {isa = PBXBuildFile; fileRef = 811B33201AC24C65000FCBEC /* LaunchScreen.xib */; };
		811B332E1AC24C65000FCBEC /* lovefreeTests.m in Sources */ = {isa = PBXBuildFile; fileRef = 811B332D1AC24C65000FCBEC /* lovefreeTests.m */; };
/* End PBXBuildFile section */

/* Begin PBXContainerItemProxy section */
		811B33281AC24C65000FCBEC /* PBXContainerItemProxy */ = {
			isa = PBXContainerItemProxy;
			containerPortal = 811B33061AC24C65000FCBEC /* Project object */;
			proxyType = 1;
			remoteGlobalIDString = 811B330D1AC24C65000FCBEC;
			remoteInfo = lovefree;
		};
/* End PBXContainerItemProxy section */

/* Begin PBXFileReference section */
		811B330E1AC24C65000FCBEC /* lovefree.app */ = {isa = PBXFileReference; explicitFileType = wrapper.application; includeInIndex = 0; path = lovefree.app; sourceTree = BUILT_PRODUCTS_DIR; };
		811B33121AC24C65000FCBEC /* Info.plist */ = {isa = PBXFileReference; lastKnownFileType = text.plist.xml; path = Info.plist; sourceTree = "<group>"; };
		811B33131AC24C65000FCBEC /* main.m */ = {isa = PBXFileReference; lastKnownFileType = sourcecode.c.objc; path = main.m; sourceTree = "<group>"; };
		811B33151AC24C65000FCBEC /* AppDelegate.h */ = {isa = PBXFileReference; lastKnownFileType = sourcecode.c.h; path = AppDelegate.h; sourceTree = "<group>"; };
		811B33161AC24C65000FCBEC /* AppDelegate.m */ = {isa = PBXFileReference; lastKnownFileType = sourcecode.c.objc; path = AppDelegate.m; sourceTree = "<group>"; };
		811B33181AC24C65000FCBEC /* ViewController.h */ = {isa = PBXFileReference; lastKnownFileType = sourcecode.c.h; path = ViewController.h; sourceTree = "<group>"; };
		811B33191AC24C65000FCBEC /* ViewController.m */ = {isa = PBXFileReference; lastKnownFileType = sourcecode.c.objc; path = ViewController.m; sourceTree = "<group>"; };
		811B331E1AC24C65000FCBEC /* Images.xcassets */ = {isa = PBXFileReference; lastKnownFileType = folder.assetcatalog; path = Images.xcassets; sourceTree = "<group>"; };
		811B33211AC24C65000FCBEC /* Base */ = {isa = PBXFileReference; lastKnownFileType = file.xib; name = Base; path = Base.lproj/LaunchScreen.xib; sourceTree = "<group>"; };
		811B33271AC24C65000FCBEC /* lovefreeTests.xctest */ = {isa = PBXFileReference; explicitFileType = wrapper.cfbundle; includeInIndex = 0; path = lovefreeTests.xctest; sourceTree = BUILT_PRODUCTS_DIR; };
		811B332C1AC24C65000FCBEC /* Info.plist */ = {isa = PBXFileReference; lastKnownFileType = text.plist.xml; path = Info.plist; sourceTree = "<group>"; };
		811B332D1AC24C65000FCBEC /* lovefreeTests.m */ = {isa = PBXFileReference; lastKnownFileType = sourcecode.c.objc; path = lovefreeTests.m; sourceTree = "<group>"; };
/* End PBXFileReference section */

/* Begin PBXFrameworksBuildPhase section */
		811B330B1AC24C65000FCBEC /* Frameworks */ = {
			isa = PBXFrameworksBuildPhase;
			buildActionMask = 2147483647;
			files = (
			);
			runOnlyForDeploymentPostprocessing = 0;
		};
		811B33241AC24C65000FCBEC /* Frameworks */ = {
			isa = PBXFrameworksBuildPhase;
			buildActionMask = 2147483647;
			files = (
			);
			runOnlyForDeploymentPostprocessing = 0;
		};
/* End PBXFrameworksBuildPhase section */

/* Begin PBXGroup section */
		811B33051AC24C65000FCBEC = {
			isa = PBXGroup;
			children = (
				811B33101AC24C65000FCBEC /* lovefree */,
				811B332A1AC24C65000FCBEC /* lovefreeTests */,
				811B330F1AC24C65000FCBEC /* Products */,
			);
			sourceTree = "<group>";
		};
		811B330F1AC24C65000FCBEC /* Products */ = {
			isa = PBXGroup;
			children = (
				811B330E1AC24C65000FCBEC /* lovefree.app */,
				811B33271AC24C65000FCBEC /* lovefreeTests.xctest */,
			);
			name = Products;
			sourceTree = "<group>";
		};
		811B33101AC24C65000FCBEC /* lovefree */ = {
			isa = PBXGroup;
			children = (
				811B33151AC24C65000FCBEC /* AppDelegate.h */,
				811B33161AC24C65000FCBEC /* AppDelegate.m */,
				811B33181AC24C65000FCBEC /* ViewController.h */,
				811B33191AC24C65000FCBEC /* ViewController.m */,
				811B331E1AC24C65000FCBEC /* Images.xcassets */,
				811B33201AC24C65000FCBEC /* LaunchScreen.xib */,
				811B33111AC24C65000FCBEC /* Supporting Files */,
			);
			path = lovefree;
			sourceTree = "<group>";
		};
		811B33111AC24C65000FCBEC /* Supporting Files */ = {
			isa = PBXGroup;
			children = (
				811B33121AC24C65000FCBEC /* Info.plist */,
				811B33131AC24C65000FCBEC /* main.m */,
			);
			name = "Supporting Files";
			sourceTree = "<group>";
		};
		811B332A1AC24C65000FCBEC /* lovefreeTests */ = {
			isa = PBXGroup;
			children = (
				811B332D1AC24C65000FCBEC /* lovefreeTests.m */,
				811B332B1AC24C65000FCBEC /* Supporting Files */,
			);
			path = lovefreeTests;
			sourceTree = "<group>";
		};
		811B332B1AC24C65000FCBEC /* Supporting Files */ = {
			isa = PBXGroup;
			children = (
				811B332C1AC24C65000FCBEC /* Info.plist */,
			);
			name = "Supporting Files";
			sourceTree = "<group>";
		};
/* End PBXGroup section */

/* Begin PBXNativeTarget section */
		811B330D1AC24C65000FCBEC /* lovefree */ = {
			isa = PBXNativeTarget;
			buildConfigurationList = 811B33311AC24C65000FCBEC /* Build configuration list for PBXNativeTarget "lovefree" */;
			buildPhases = (
				811B330A1AC24C65000FCBEC /* Sources */,
				811B330B1AC24C65000FCBEC /* Frameworks */,
				811B330C1AC24C65000FCBEC /* Resources */,
			);
			buildRules = (
			);
			dependencies = (
			);
			name = lovefree;
			productName = lovefree;
			productReference = 811B330E1AC24C65000FCBEC /* lovefree.app */;
			productType = "com.apple.product-type.application";
		};
		811B33261AC24C65000FCBEC /* lovefreeTests */ = {
			isa = PBXNativeTarget;
			buildConfigurationList = 811B33341AC24C65000FCBEC /* Build configuration list for PBXNativeTarget "lovefreeTests" */;
			buildPhases = (
				811B33231AC24C65000FCBEC /* Sources */,
				811B33241AC24C65000FCBEC /* Frameworks */,
				811B33251AC24C65000FCBEC /* Resources */,
			);
			buildRules = (
			);
			dependencies = (
				811B33291AC24C65000FCBEC /* PBXTargetDependency */,
			);
			name = lovefreeTests;
			productName = lovefreeTests;
			productReference = 811B33271AC24C65000FCBEC /* lovefreeTests.xctest */;
			productType = "com.apple.product-type.bundle.unit-test";
		};
/* End PBXNativeTarget section */

/* Begin PBXProject section */
		811B33061AC24C65000FCBEC /* Project object */ = {
			isa = PBXProject;
			attributes = {
				LastUpgradeCheck = 0610;
				ORGANIZATIONNAME = huai;
				TargetAttributes = {
					811B330D1AC24C65000FCBEC = {
						CreatedOnToolsVersion = 6.1.1;
					};
					811B33261AC24C65000FCBEC = {
						CreatedOnToolsVersion = 6.1.1;
						TestTargetID = 811B330D1AC24C65000FCBEC;
					};
				};
			};
			buildConfigurationList = 811B33091AC24C65000FCBEC /* Build configuration list for PBXProject "lovefree" */;
			compatibilityVersion = "Xcode 3.2";
			developmentRegion = English;
			hasScannedForEncodings = 0;
			knownRegions = (
				en,
				Base,
			);
			mainGroup = 811B33051AC24C65000FCBEC;
			productRefGroup = 811B330F1AC24C65000FCBEC /* Products */;
			projectDirPath = "";
			projectRoot = "";
			targets = (
				811B330D1AC24C65000FCBEC /* lovefree */,
				811B33261AC24C65000FCBEC /* lovefreeTests */,
			);
		};
/* End PBXProject section */

/* Begin PBXResourcesBuildPhase section */
		811B330C1AC24C65000FCBEC /* Resources */ = {
			isa = PBXResourcesBuildPhase;
			buildActionMask = 2147483647;
			files = (
				811B33221AC24C65000FCBEC /* LaunchScreen.xib in Resources */,
				811B331F1AC24C65000FCBEC /* Images.xcassets in Resources */,
			);
			runOnlyForDeploymentPostprocessing = 0;
		};
		811B33251AC24C65000FCBEC /* Resources */ = {
			isa = PBXResourcesBuildPhase;
			buildActionMask = 2147483647;
			files = (
			);
			runOnlyForDeploymentPostprocessing = 0;
		};
/* End PBXResourcesBuildPhase section */

/* Begin PBXSourcesBuildPhase section */
		811B330A1AC24C65000FCBEC /* Sources */ = {
			isa = PBXSourcesBuildPhase;
			buildActionMask = 2147483647;
			files = (
				811B331A1AC24C65000FCBEC /* ViewController.m in Sources */,
				811B33171AC24C65000FCBEC /* AppDelegate.m in Sources */,
				811B33141AC24C65000FCBEC /* main.m in Sources */,
			);
			runOnlyForDeploymentPostprocessing = 0;
		};
		811B33231AC24C65000FCBEC /* Sources */ = {
			isa = PBXSourcesBuildPhase;
			buildActionMask = 2147483647;
			files = (
				811B332E1AC24C65000FCBEC /* lovefreeTests.m in Sources */,
			);
			runOnlyForDeploymentPostprocessing = 0;
		};
/* End PBXSourcesBuildPhase section */

/* Begin PBXTargetDependency section */
		811B33291AC24C65000FCBEC /* PBXTargetDependency */ = {
			isa = PBXTargetDependency;
			target = 811B330D1AC24C65000FCBEC /* lovefree */;
			targetProxy = 811B33281AC24C65000FCBEC /* PBXContainerItemProxy */;
		};
/* End PBXTargetDependency section */

/* Begin PBXVariantGroup section */
		811B33201AC24C65000FCBEC /* LaunchScreen.xib */ = {
			isa = PBXVariantGroup;
			children = (
				811B33211AC24C65000FCBEC /* Base */,
			);
			name = LaunchScreen.xib;
			sourceTree = "<group>";
		};
/* End PBXVariantGroup section */

/* Begin XCBuildConfiguration section */
		811B332F1AC24C65000FCBEC /* Debug */ = {
			isa = XCBuildConfiguration;
			buildSettings = {
				ALWAYS_SEARCH_USER_PATHS = NO;
				CLANG_CXX_LANGUAGE_STANDARD = "gnu++0x";
				CLANG_CXX_LIBRARY = "libc++";
				CLANG_ENABLE_MODULES = YES;
				CLANG_ENABLE_OBJC_ARC = YES;
				CLANG_WARN_BOOL_CONVERSION = YES;
				CLANG_WARN_CONSTANT_CONVERSION = YES;
				CLANG_WARN_DIRECT_OBJC_ISA_USAGE = YES_ERROR;
				CLANG_WARN_EMPTY_BODY = YES;
				CLANG_WARN_ENUM_CONVERSION = YES;
				CLANG_WARN_INT_CONVERSION = YES;
				CLANG_WARN_OBJC_ROOT_CLASS = YES_ERROR;
				CLANG_WARN_UNREACHABLE_CODE = YES;
				CLANG_WARN__DUPLICATE_METHOD_MATCH = YES;
				"CODE_SIGN_IDENTITY[sdk=iphoneos*]" = "iPhone Developer";
				COPY_PHASE_STRIP = NO;
				ENABLE_STRICT_OBJC_MSGSEND = YES;
				GCC_C_LANGUAGE_STANDARD = gnu99;
				GCC_DYNAMIC_NO_PIC = NO;
				GCC_OPTIMIZATION_LEVEL = 0;
				GCC_PREPROCESSOR_DEFINITIONS = (
					"DEBUG=1",
					"$(inherited)",
				);
				GCC_SYMBOLS_PRIVATE_EXTERN = NO;
				GCC_WARN_64_TO_32_BIT_CONVERSION = YES;
				GCC_WARN_ABOUT_RETURN_TYPE = YES_ERROR;
				GCC_WARN_UNDECLARED_SELECTOR = YES;
				GCC_WARN_UNINITIALIZED_AUTOS = YES_AGGRESSIVE;
				GCC_WARN_UNUSED_FUNCTION = YES;
				GCC_WARN_UNUSED_VARIABLE = YES;
				IPHONEOS_DEPLOYMENT_TARGET = 8.1;
				MTL_ENABLE_DEBUG_INFO = YES;
				ONLY_ACTIVE_ARCH = YES;
				SDKROOT = iphoneos;
			};
			name = Debug;
		};
		811B33301AC24C65000FCBEC /* Release */ = {
			isa = XCBuildConfiguration;
			buildSettings = {
				ALWAYS_SEARCH_USER_PATHS = NO;
				CLANG_CXX_LANGUAGE_STANDARD = "gnu++0x";
				CLANG_CXX_LIBRARY = "libc++";
				CLANG_ENABLE_MODULES = YES;
				CLANG_ENABLE_OBJC_ARC = YES;
				CLANG_WARN_BOOL_CONVERSION = YES;
				CLANG_WARN_CONSTANT_CONVERSION = YES;
				CLANG_WARN_DIRECT_OBJC_ISA_USAGE = YES_ERROR;
				CLANG_WARN_EMPTY_BODY = YES;
				CLANG_WARN_ENUM_CONVERSION = YES;
				CLANG_WARN_INT_CONVERSION = YES;
				CLANG_WARN_OBJC_ROOT_CLASS = YES_ERROR;
				CLANG_WARN_UNREACHABLE_CODE = YES;
				CLANG_WARN__DUPLICATE_METHOD_MATCH = YES;
				"CODE_SIGN_IDENTITY[sdk=iphoneos*]" = "iPhone Developer";
				COPY_PHASE_STRIP = YES;
				ENABLE_NS_ASSERTIONS = NO;
				ENABLE_STRICT_OBJC_MSGSEND = YES;
				GCC_C_LANGUAGE_STANDARD = gnu99;
				GCC_WARN_64_TO_32_BIT_CONVERSION = YES;
				GCC_WARN_ABOUT_RETURN_TYPE = YES_ERROR;
				GCC_WARN_UNDECLARED_SELECTOR = YES;
				GCC_WARN_UNINITIALIZED_AUTOS = YES_AGGRESSIVE;
				GCC_WARN_UNUSED_FUNCTION = YES;
				GCC_WARN_UNUSED_VARIABLE = YES;
				IPHONEOS_DEPLOYMENT_TARGET = 8.1;
				MTL_ENABLE_DEBUG_INFO = NO;
				SDKROOT = iphoneos;
				VALIDATE_PRODUCT = YES;
			};
			name = Release;
		};
		811B33321AC24C65000FCBEC /* Debug */ = {
			isa = XCBuildConfiguration;
			buildSettings = {
				ASSETCATALOG_COMPILER_APPICON_NAME = AppIcon;
				INFOPLIST_FILE = lovefree/Info.plist;
				LD_RUNPATH_SEARCH_PATHS = "$(inherited) @executable_path/Frameworks";
				PRODUCT_NAME = "$(TARGET_NAME)";
			};
			name = Debug;
		};
		811B33331AC24C65000FCBEC /* Release */ = {
			isa = XCBuildConfiguration;
			buildSettings = {
				ASSETCATALOG_COMPILER_APPICON_NAME = AppIcon;
				INFOPLIST_FILE = lovefree/Info.plist;
				LD_RUNPATH_SEARCH_PATHS = "$(inherited) @executable_path/Frameworks";
				PRODUCT_NAME = "$(TARGET_NAME)";
			};
			name = Release;
		};
		811B33351AC24C65000FCBEC /* Debug */ = {
			isa = XCBuildConfiguration;
			buildSettings = {
				BUNDLE_LOADER = "$(TEST_HOST)";
				FRAMEWORK_SEARCH_PATHS = (
					"$(SDKROOT)/Developer/Library/Frameworks",
					"$(inherited)",
				);
				GCC_PREPROCESSOR_DEFINITIONS = (
					"DEBUG=1",
					"$(inherited)",
				);
				INFOPLIST_FILE = lovefreeTests/Info.plist;
				LD_RUNPATH_SEARCH_PATHS = "$(inherited) @executable_path/Frameworks @loader_path/Frameworks";
				PRODUCT_NAME = "$(TARGET_NAME)";
				TEST_HOST = "$(BUILT_PRODUCTS_DIR)/lovefree.app/lovefree";
			};
			name = Debug;
		};
		811B33361AC24C65000FCBEC /* Release */ = {
			isa = XCBuildConfiguration;
			buildSettings = {
				BUNDLE_LOADER = "$(TEST_HOST)";
				FRAMEWORK_SEARCH_PATHS = (
					"$(SDKROOT)/Developer/Library/Frameworks",
					"$(inherited)",
				);
				INFOPLIST_FILE = lovefreeTests/Info.plist;
				LD_RUNPATH_SEARCH_PATHS = "$(inherited) @executable_path/Frameworks @loader_path/Frameworks";
				PRODUCT_NAME = "$(TARGET_NAME)";
				TEST_HOST = "$(BUILT_PRODUCTS_DIR)/lovefree.app/lovefree";
			};
			name = Release;
		};
/* End XCBuildConfiguration section */

/* Begin XCConfigurationList section */
		811B33091AC24C65000FCBEC /* Build configuration list for PBXProject "lovefree" */ = {
			isa = XCConfigurationList;
			buildConfigurations = (
				811B332F1AC24C65000FCBEC /* Debug */,
				811B33301AC24C65000FCBEC /* Release */,
			);
			defaultConfigurationIsVisible = 0;
			defaultConfigurationName = Release;
		};
		811B33311AC24C65000FCBEC /* Build configuration list for PBXNativeTarget "lovefree" */ = {
			isa = XCConfigurationList;
			buildConfigurations = (
				811B33321AC24C65000FCBEC /* Debug */,
				811B33331AC24C65000FCBEC /* Release */,
			);
			defaultConfigurationIsVisible = 0;
		};
		811B33341AC24C65000FCBEC /* Build configuration list for PBXNativeTarget "lovefreeTests" */ = {
			isa = XCConfigurationList;
			buildConfigurations = (
				811B33351AC24C65000FCBEC /* Debug */,
				811B33361AC24C65000FCBEC /* Release */,
			);
			defaultConfigurationIsVisible = 0;
		};
/* End XCConfigurationList section */
	};
	rootObject = 811B33061AC24C65000FCBEC /* Project object */;
}
